
Microsoft Visual Studio Solution File, Format Version 12.00
# Visual Studio Version 16
VisualStudioVersion = 16.0.31613.86
MinimumVisualStudioVersion = 10.0.40219.1
Project("{FAE04EC0-301F-11D3-BF4B-00C04F79EFBC}") = "Senai.Rental.WebApi", "Senai.Rental.WebApi\Senai.Rental.WebApi.csproj", "{872F7A47-2A50-4674-AC68-92B79AAA427F}"
EndProject
Global
	GlobalSection(SolutionConfigurationPlatforms) = preSolution
		Debug|Any CPU = Debug|Any CPU
		Release|Any CPU = Release|Any CPU
	EndGlobalSection
	GlobalSection(ProjectConfigurationPlatforms) = postSolution
		{872F7A47-2A50-4674-AC68-92B79AAA427F}.Debug|Any CPU.ActiveCfg = Debug|Any CPU
		{872F7A47-2A50-4674-AC68-92B79AAA427F}.Debug|Any CPU.Build.0 = Debug|Any CPU
		{872F7A47-2A50-4674-AC68-92B79AAA427F}.Release|Any CPU.ActiveCfg = Release|Any CPU
		{872F7A47-2A50-4674-AC68-92B79AAA427F}.Release|Any CPU.Build.0 = Release|Any CPU
	EndGlobalSection
	GlobalSection(SolutionProperties) = preSolution
		HideSolutionNode = FALSE
	EndGlobalSection
	GlobalSection(ExtensibilityGlobals) = postSolution
		SolutionGuid = {99A2E63F-1A5C-4B86-9C12-96048C3EC5D9}
	EndGlobalSection
EndGlobal
