
Microsoft Visual Studio Solution File, Format Version 12.00
# Visual Studio Version 16
VisualStudioVersion = 16.0.31613.86
MinimumVisualStudioVersion = 10.0.40219.1
Project("{FAE04EC0-301F-11D3-BF4B-00C04F79EFBC}") = "senai_filmes_WebAPI", "senai_filmes_WebAPI\senai_filmes_WebAPI.csproj", "{F5F707A1-03C9-46B7-B7B4-973859941513}"
EndProject
Global
	GlobalSection(SolutionConfigurationPlatforms) = preSolution
		Debug|Any CPU = Debug|Any CPU
		Release|Any CPU = Release|Any CPU
	EndGlobalSection
	GlobalSection(ProjectConfigurationPlatforms) = postSolution
		{F5F707A1-03C9-46B7-B7B4-973859941513}.Debug|Any CPU.ActiveCfg = Debug|Any CPU
		{F5F707A1-03C9-46B7-B7B4-973859941513}.Debug|Any CPU.Build.0 = Debug|Any CPU
		{F5F707A1-03C9-46B7-B7B4-973859941513}.Release|Any CPU.ActiveCfg = Release|Any CPU
		{F5F707A1-03C9-46B7-B7B4-973859941513}.Release|Any CPU.Build.0 = Release|Any CPU
	EndGlobalSection
	GlobalSection(SolutionProperties) = preSolution
		HideSolutionNode = FALSE
	EndGlobalSection
	GlobalSection(ExtensibilityGlobals) = postSolution
		SolutionGuid = {21C6F53A-80B3-4D1B-B92C-B2801D679515}
	EndGlobalSection
EndGlobal
